// !$*UTF8*$!
{
	archiveVersion = 1;
	classes = {
	};
	objectVersion = 52;
	objects = {

/* Begin PBXBuildFile section */
		52024D9823B3D78700F1AA8C /* BreedsCollectionView.swift in Sources */ = {isa = PBXBuildFile; fileRef = 52024D9723B3D78700F1AA8C /* BreedsCollectionView.swift */; };
		52024D9A23B3D96700F1AA8C /* BreedCell.swift in Sources */ = {isa = PBXBuildFile; fileRef = 52024D9923B3D96700F1AA8C /* BreedCell.swift */; };
		52032EB323BB186200149D5A /* CarouselCollectionCell.swift in Sources */ = {isa = PBXBuildFile; fileRef = 52032EB223BB186200149D5A /* CarouselCollectionCell.swift */; };
		52032EB523BB18ED00149D5A /* StretchyHeaderCollectionCell.swift in Sources */ = {isa = PBXBuildFile; fileRef = 52032EB423BB18ED00149D5A /* StretchyHeaderCollectionCell.swift */; };
		520925A723B12A2700EF989E /* AppDelegate.swift in Sources */ = {isa = PBXBuildFile; fileRef = 520925A623B12A2700EF989E /* AppDelegate.swift */; };
		520925A923B12A2700EF989E /* SceneDelegate.swift in Sources */ = {isa = PBXBuildFile; fileRef = 520925A823B12A2700EF989E /* SceneDelegate.swift */; };
		520925B023B12A2800EF989E /* Assets.xcassets in Resources */ = {isa = PBXBuildFile; fileRef = 520925AF23B12A2800EF989E /* Assets.xcassets */; };
		520925B323B12A2800EF989E /* LaunchScreen.storyboard in Resources */ = {isa = PBXBuildFile; fileRef = 520925B123B12A2800EF989E /* LaunchScreen.storyboard */; };
		520925C223B12BE300EF989E /* BreedsListPresenter.swift in Sources */ = {isa = PBXBuildFile; fileRef = 520925BC23B12BE300EF989E /* BreedsListPresenter.swift */; };
		520925C423B12BE300EF989E /* BreedsListRouter.swift in Sources */ = {isa = PBXBuildFile; fileRef = 520925BE23B12BE300EF989E /* BreedsListRouter.swift */; };
		520925C523B12BE300EF989E /* BreedsListModels.swift in Sources */ = {isa = PBXBuildFile; fileRef = 520925BF23B12BE300EF989E /* BreedsListModels.swift */; };
		520925C623B12BE300EF989E /* BreedsListViewController.swift in Sources */ = {isa = PBXBuildFile; fileRef = 520925C023B12BE300EF989E /* BreedsListViewController.swift */; };
		520925C723B12BE300EF989E /* BreedsListInteractor.swift in Sources */ = {isa = PBXBuildFile; fileRef = 520925C123B12BE300EF989E /* BreedsListInteractor.swift */; };
		520925CD23B130DF00EF989E /* Constants.swift in Sources */ = {isa = PBXBuildFile; fileRef = 520925CC23B130DF00EF989E /* Constants.swift */; };
		520925D023B1316000EF989E /* Alamofire in Frameworks */ = {isa = PBXBuildFile; productRef = 520925CF23B1316000EF989E /* Alamofire */; };
		524E442A23B153D700F743E6 /* breeds.json in Resources */ = {isa = PBXBuildFile; fileRef = 524E442923B153D700F743E6 /* breeds.json */; };
		524E442C23B155B600F743E6 /* BreedItem.swift in Sources */ = {isa = PBXBuildFile; fileRef = 524E442B23B155B600F743E6 /* BreedItem.swift */; };
		524E442E23B155D200F743E6 /* Size.swift in Sources */ = {isa = PBXBuildFile; fileRef = 524E442D23B155D200F743E6 /* Size.swift */; };
		524E443023B155EC00F743E6 /* BreedItemModel.swift in Sources */ = {isa = PBXBuildFile; fileRef = 524E442F23B155EC00F743E6 /* BreedItemModel.swift */; };
		524E443323B1578E00F743E6 /* SDWebImage in Frameworks */ = {isa = PBXBuildFile; productRef = 524E443223B1578E00F743E6 /* SDWebImage */; };
		524E443523B1578E00F743E6 /* SDWebImageMapKit in Frameworks */ = {isa = PBXBuildFile; productRef = 524E443423B1578E00F743E6 /* SDWebImageMapKit */; };
		524E443823B158DE00F743E6 /* RappleProgressHUD in Frameworks */ = {isa = PBXBuildFile; productRef = 524E443723B158DE00F743E6 /* RappleProgressHUD */; };
		524E443B23B15A9300F743E6 /* SnapKit in Frameworks */ = {isa = PBXBuildFile; productRef = 524E443A23B15A9300F743E6 /* SnapKit */; };
		52724E0023B8EBA20042C1C4 /* BreedInfoPresenter.swift in Sources */ = {isa = PBXBuildFile; fileRef = 52724DFA23B8EBA20042C1C4 /* BreedInfoPresenter.swift */; };
		52724E0223B8EBA20042C1C4 /* BreedInfoRouter.swift in Sources */ = {isa = PBXBuildFile; fileRef = 52724DFC23B8EBA20042C1C4 /* BreedInfoRouter.swift */; };
		52724E0323B8EBA20042C1C4 /* BreedInfoModels.swift in Sources */ = {isa = PBXBuildFile; fileRef = 52724DFD23B8EBA20042C1C4 /* BreedInfoModels.swift */; };
		52724E0423B8EBA20042C1C4 /* BreedInfoViewController.swift in Sources */ = {isa = PBXBuildFile; fileRef = 52724DFE23B8EBA20042C1C4 /* BreedInfoViewController.swift */; };
		52724E0523B8EBA20042C1C4 /* BreedInfoInteractor.swift in Sources */ = {isa = PBXBuildFile; fileRef = 52724DFF23B8EBA20042C1C4 /* BreedInfoInteractor.swift */; };
		52724E0723B8FC050042C1C4 /* String + Extension.swift in Sources */ = {isa = PBXBuildFile; fileRef = 52724E0623B8FC050042C1C4 /* String + Extension.swift */; };
		52724E0A23B8FE880042C1C4 /* BreedInfoRow.swift in Sources */ = {isa = PBXBuildFile; fileRef = 52724E0923B8FE880042C1C4 /* BreedInfoRow.swift */; };
		52724E0C23B910AE0042C1C4 /* CarouselFlowLayout.swift in Sources */ = {isa = PBXBuildFile; fileRef = 52724E0B23B910AE0042C1C4 /* CarouselFlowLayout.swift */; };
		52724E0E23B91E530042C1C4 /* BreedVerticalCell.swift in Sources */ = {isa = PBXBuildFile; fileRef = 52724E0D23B91E530042C1C4 /* BreedVerticalCell.swift */; };
		52724E1123B934630042C1C4 /* BreedsHeaderView.swift in Sources */ = {isa = PBXBuildFile; fileRef = 52724E1023B934630042C1C4 /* BreedsHeaderView.swift */; };
		52724E1423B93C750042C1C4 /* StretchyHeaderLayout.swift in Sources */ = {isa = PBXBuildFile; fileRef = 52724E1323B93C750042C1C4 /* StretchyHeaderLayout.swift */; };
		52724E1C23B940E30042C1C4 /* MainPresenter.swift in Sources */ = {isa = PBXBuildFile; fileRef = 52724E1623B940E30042C1C4 /* MainPresenter.swift */; };
		52724E1E23B940E30042C1C4 /* MainRouter.swift in Sources */ = {isa = PBXBuildFile; fileRef = 52724E1823B940E30042C1C4 /* MainRouter.swift */; };
		52724E1F23B940E30042C1C4 /* MainModels.swift in Sources */ = {isa = PBXBuildFile; fileRef = 52724E1923B940E30042C1C4 /* MainModels.swift */; };
		52724E2023B940E30042C1C4 /* MainViewController.swift in Sources */ = {isa = PBXBuildFile; fileRef = 52724E1A23B940E30042C1C4 /* MainViewController.swift */; };
		52724E2123B940E30042C1C4 /* MainInteractor.swift in Sources */ = {isa = PBXBuildFile; fileRef = 52724E1B23B940E30042C1C4 /* MainInteractor.swift */; };
		52C1D6C823BA6A43004F98E7 /* ClassicCollectionPresenter.swift in Sources */ = {isa = PBXBuildFile; fileRef = 52C1D6C223BA6A43004F98E7 /* ClassicCollectionPresenter.swift */; };
		52C1D6CA23BA6A43004F98E7 /* ClassicCollectionRouter.swift in Sources */ = {isa = PBXBuildFile; fileRef = 52C1D6C423BA6A43004F98E7 /* ClassicCollectionRouter.swift */; };
		52C1D6CB23BA6A43004F98E7 /* ClassicCollectionModels.swift in Sources */ = {isa = PBXBuildFile; fileRef = 52C1D6C523BA6A43004F98E7 /* ClassicCollectionModels.swift */; };
		52C1D6CC23BA6A43004F98E7 /* ClassicCollectionViewController.swift in Sources */ = {isa = PBXBuildFile; fileRef = 52C1D6C623BA6A43004F98E7 /* ClassicCollectionViewController.swift */; };
		52C1D6CD23BA6A43004F98E7 /* ClassicCollectionInteractor.swift in Sources */ = {isa = PBXBuildFile; fileRef = 52C1D6C723BA6A43004F98E7 /* ClassicCollectionInteractor.swift */; };
		52C1D6D023BA6ECE004F98E7 /* ClassicCollectionView.swift in Sources */ = {isa = PBXBuildFile; fileRef = 52C1D6CF23BA6ECE004F98E7 /* ClassicCollectionView.swift */; };
		52C1D6D223BA7077004F98E7 /* ClassicCollectionCell.swift in Sources */ = {isa = PBXBuildFile; fileRef = 52C1D6D123BA7077004F98E7 /* ClassicCollectionCell.swift */; };
		52C1D6DA23BA741F004F98E7 /* CarouselCollectionPresenter.swift in Sources */ = {isa = PBXBuildFile; fileRef = 52C1D6D423BA741F004F98E7 /* CarouselCollectionPresenter.swift */; };
		52C1D6DC23BA741F004F98E7 /* CarouselCollectionRouter.swift in Sources */ = {isa = PBXBuildFile; fileRef = 52C1D6D623BA741F004F98E7 /* CarouselCollectionRouter.swift */; };
		52C1D6DD23BA741F004F98E7 /* CarouselCollectionModels.swift in Sources */ = {isa = PBXBuildFile; fileRef = 52C1D6D723BA741F004F98E7 /* CarouselCollectionModels.swift */; };
		52C1D6DE23BA741F004F98E7 /* CarouselCollectionViewController.swift in Sources */ = {isa = PBXBuildFile; fileRef = 52C1D6D823BA741F004F98E7 /* CarouselCollectionViewController.swift */; };
		52C1D6DF23BA741F004F98E7 /* CarouselCollectionInteractor.swift in Sources */ = {isa = PBXBuildFile; fileRef = 52C1D6D923BA741F004F98E7 /* CarouselCollectionInteractor.swift */; };
		52C1D6E223BA765A004F98E7 /* CarouselCollectionView.swift in Sources */ = {isa = PBXBuildFile; fileRef = 52C1D6E123BA765A004F98E7 /* CarouselCollectionView.swift */; };
		52C1D6EA23BA7BE9004F98E7 /* StretchyHeaderPresenter.swift in Sources */ = {isa = PBXBuildFile; fileRef = 52C1D6E423BA7BE9004F98E7 /* StretchyHeaderPresenter.swift */; };
		52C1D6EC23BA7BE9004F98E7 /* StretchyHeaderRouter.swift in Sources */ = {isa = PBXBuildFile; fileRef = 52C1D6E623BA7BE9004F98E7 /* StretchyHeaderRouter.swift */; };
		52C1D6ED23BA7BE9004F98E7 /* StretchyHeaderModels.swift in Sources */ = {isa = PBXBuildFile; fileRef = 52C1D6E723BA7BE9004F98E7 /* StretchyHeaderModels.swift */; };
		52C1D6EE23BA7BE9004F98E7 /* StretchyHeaderViewController.swift in Sources */ = {isa = PBXBuildFile; fileRef = 52C1D6E823BA7BE9004F98E7 /* StretchyHeaderViewController.swift */; };
		52C1D6EF23BA7BE9004F98E7 /* StretchyHeaderInteractor.swift in Sources */ = {isa = PBXBuildFile; fileRef = 52C1D6E923BA7BE9004F98E7 /* StretchyHeaderInteractor.swift */; };
		52C1D6F223BA7E2A004F98E7 /* StretchyHeaderCollectionView.swift in Sources */ = {isa = PBXBuildFile; fileRef = 52C1D6F123BA7E2A004F98E7 /* StretchyHeaderCollectionView.swift */; };
		52F3CE9623BB69D900C430EE /* CustomLayoutPresenter.swift in Sources */ = {isa = PBXBuildFile; fileRef = 52F3CE9023BB69D900C430EE /* CustomLayoutPresenter.swift */; };
		52F3CE9823BB69D900C430EE /* CustomLayoutRouter.swift in Sources */ = {isa = PBXBuildFile; fileRef = 52F3CE9223BB69D900C430EE /* CustomLayoutRouter.swift */; };
		52F3CE9923BB69D900C430EE /* CustomLayoutModels.swift in Sources */ = {isa = PBXBuildFile; fileRef = 52F3CE9323BB69D900C430EE /* CustomLayoutModels.swift */; };
		52F3CE9A23BB69D900C430EE /* CustomLayoutViewController.swift in Sources */ = {isa = PBXBuildFile; fileRef = 52F3CE9423BB69D900C430EE /* CustomLayoutViewController.swift */; };
		52F3CE9B23BB69D900C430EE /* CustomLayoutInteractor.swift in Sources */ = {isa = PBXBuildFile; fileRef = 52F3CE9523BB69D900C430EE /* CustomLayoutInteractor.swift */; };
		52F3CE9E23BB6CAE00C430EE /* CustomLayoutCollectionView.swift in Sources */ = {isa = PBXBuildFile; fileRef = 52F3CE9D23BB6CAE00C430EE /* CustomLayoutCollectionView.swift */; };
		52F3CEA023BB6CD600C430EE /* CustomLayoutCollectionViewCell.swift in Sources */ = {isa = PBXBuildFile; fileRef = 52F3CE9F23BB6CD600C430EE /* CustomLayoutCollectionViewCell.swift */; };
		52F3CEA223BB6FF400C430EE /* CustomViewLayout.swift in Sources */ = {isa = PBXBuildFile; fileRef = 52F3CEA123BB6FF400C430EE /* CustomViewLayout.swift */; };
		52F3CEAB23BB740600C430EE /* MosaicLayoutPresenter.swift in Sources */ = {isa = PBXBuildFile; fileRef = 52F3CEA523BB740600C430EE /* MosaicLayoutPresenter.swift */; };
		52F3CEAD23BB740600C430EE /* MosaicLayoutRouter.swift in Sources */ = {isa = PBXBuildFile; fileRef = 52F3CEA723BB740600C430EE /* MosaicLayoutRouter.swift */; };
		52F3CEAE23BB740600C430EE /* MosaicLayoutModels.swift in Sources */ = {isa = PBXBuildFile; fileRef = 52F3CEA823BB740600C430EE /* MosaicLayoutModels.swift */; };
		52F3CEAF23BB740600C430EE /* MosaicLayoutViewController.swift in Sources */ = {isa = PBXBuildFile; fileRef = 52F3CEA923BB740600C430EE /* MosaicLayoutViewController.swift */; };
		52F3CEB023BB740600C430EE /* MosaicLayoutInteractor.swift in Sources */ = {isa = PBXBuildFile; fileRef = 52F3CEAA23BB740600C430EE /* MosaicLayoutInteractor.swift */; };
		52F3CEB323BB75D300C430EE /* MosaicLayoutCollectionView.swift in Sources */ = {isa = PBXBuildFile; fileRef = 52F3CEB223BB75D300C430EE /* MosaicLayoutCollectionView.swift */; };
		52F3CEB523BB75EE00C430EE /* MosaicLayoutCollectionViewCell.swift in Sources */ = {isa = PBXBuildFile; fileRef = 52F3CEB423BB75EE00C430EE /* MosaicLayoutCollectionViewCell.swift */; };
		52F3CEB723BB761A00C430EE /* MosaicViewLayout.swift in Sources */ = {isa = PBXBuildFile; fileRef = 52F3CEB623BB761A00C430EE /* MosaicViewLayout.swift */; };
/* End PBXBuildFile section */

/* Begin PBXFileReference section */
		52024D9723B3D78700F1AA8C /* BreedsCollectionView.swift */ = {isa = PBXFileReference; lastKnownFileType = sourcecode.swift; path = BreedsCollectionView.swift; sourceTree = "<group>"; };
		52024D9923B3D96700F1AA8C /* BreedCell.swift */ = {isa = PBXFileReference; lastKnownFileType = sourcecode.swift; path = BreedCell.swift; sourceTree = "<group>"; };
		52032EB223BB186200149D5A /* CarouselCollectionCell.swift */ = {isa = PBXFileReference; lastKnownFileType = sourcecode.swift; path = CarouselCollectionCell.swift; sourceTree = "<group>"; };
		52032EB423BB18ED00149D5A /* StretchyHeaderCollectionCell.swift */ = {isa = PBXFileReference; lastKnownFileType = sourcecode.swift; path = StretchyHeaderCollectionCell.swift; sourceTree = "<group>"; };
		520925A323B12A2700EF989E /* Dogs breeds.app */ = {isa = PBXFileReference; explicitFileType = wrapper.application; includeInIndex = 0; path = "Dogs breeds.app"; sourceTree = BUILT_PRODUCTS_DIR; };
		520925A623B12A2700EF989E /* AppDelegate.swift */ = {isa = PBXFileReference; lastKnownFileType = sourcecode.swift; path = AppDelegate.swift; sourceTree = "<group>"; };
		520925A823B12A2700EF989E /* SceneDelegate.swift */ = {isa = PBXFileReference; lastKnownFileType = sourcecode.swift; path = SceneDelegate.swift; sourceTree = "<group>"; };
		520925AF23B12A2800EF989E /* Assets.xcassets */ = {isa = PBXFileReference; lastKnownFileType = folder.assetcatalog; path = Assets.xcassets; sourceTree = "<group>"; };
		520925B223B12A2800EF989E /* Base */ = {isa = PBXFileReference; lastKnownFileType = file.storyboard; name = Base; path = Base.lproj/LaunchScreen.storyboard; sourceTree = "<group>"; };
		520925B423B12A2800EF989E /* Info.plist */ = {isa = PBXFileReference; lastKnownFileType = text.plist.xml; name = Info.plist; path = ../Info.plist; sourceTree = "<group>"; };
		520925BC23B12BE300EF989E /* BreedsListPresenter.swift */ = {isa = PBXFileReference; lastKnownFileType = sourcecode.swift; path = BreedsListPresenter.swift; sourceTree = "<group>"; };
		520925BE23B12BE300EF989E /* BreedsListRouter.swift */ = {isa = PBXFileReference; lastKnownFileType = sourcecode.swift; path = BreedsListRouter.swift; sourceTree = "<group>"; };
		520925BF23B12BE300EF989E /* BreedsListModels.swift */ = {isa = PBXFileReference; lastKnownFileType = sourcecode.swift; path = BreedsListModels.swift; sourceTree = "<group>"; };
		520925C023B12BE300EF989E /* BreedsListViewController.swift */ = {isa = PBXFileReference; lastKnownFileType = sourcecode.swift; path = BreedsListViewController.swift; sourceTree = "<group>"; };
		520925C123B12BE300EF989E /* BreedsListInteractor.swift */ = {isa = PBXFileReference; lastKnownFileType = sourcecode.swift; path = BreedsListInteractor.swift; sourceTree = "<group>"; };
		520925CC23B130DF00EF989E /* Constants.swift */ = {isa = PBXFileReference; lastKnownFileType = sourcecode.swift; path = Constants.swift; sourceTree = "<group>"; };
		524E442923B153D700F743E6 /* breeds.json */ = {isa = PBXFileReference; fileEncoding = 4; lastKnownFileType = text.json; path = breeds.json; sourceTree = "<group>"; };
		524E442B23B155B600F743E6 /* BreedItem.swift */ = {isa = PBXFileReference; lastKnownFileType = sourcecode.swift; path = BreedItem.swift; sourceTree = "<group>"; };
		524E442D23B155D200F743E6 /* Size.swift */ = {isa = PBXFileReference; lastKnownFileType = sourcecode.swift; path = Size.swift; sourceTree = "<group>"; };
		524E442F23B155EC00F743E6 /* BreedItemModel.swift */ = {isa = PBXFileReference; lastKnownFileType = sourcecode.swift; path = BreedItemModel.swift; sourceTree = "<group>"; };
		52724DFA23B8EBA20042C1C4 /* BreedInfoPresenter.swift */ = {isa = PBXFileReference; lastKnownFileType = sourcecode.swift; path = BreedInfoPresenter.swift; sourceTree = "<group>"; };
		52724DFC23B8EBA20042C1C4 /* BreedInfoRouter.swift */ = {isa = PBXFileReference; lastKnownFileType = sourcecode.swift; path = BreedInfoRouter.swift; sourceTree = "<group>"; };
		52724DFD23B8EBA20042C1C4 /* BreedInfoModels.swift */ = {isa = PBXFileReference; lastKnownFileType = sourcecode.swift; path = BreedInfoModels.swift; sourceTree = "<group>"; };
		52724DFE23B8EBA20042C1C4 /* BreedInfoViewController.swift */ = {isa = PBXFileReference; lastKnownFileType = sourcecode.swift; path = BreedInfoViewController.swift; sourceTree = "<group>"; };
		52724DFF23B8EBA20042C1C4 /* BreedInfoInteractor.swift */ = {isa = PBXFileReference; lastKnownFileType = sourcecode.swift; path = BreedInfoInteractor.swift; sourceTree = "<group>"; };
		52724E0623B8FC050042C1C4 /* String + Extension.swift */ = {isa = PBXFileReference; lastKnownFileType = sourcecode.swift; path = "String + Extension.swift"; sourceTree = "<group>"; };
		52724E0923B8FE880042C1C4 /* BreedInfoRow.swift */ = {isa = PBXFileReference; lastKnownFileType = sourcecode.swift; path = BreedInfoRow.swift; sourceTree = "<group>"; };
		52724E0B23B910AE0042C1C4 /* CarouselFlowLayout.swift */ = {isa = PBXFileReference; lastKnownFileType = sourcecode.swift; path = CarouselFlowLayout.swift; sourceTree = "<group>"; };
		52724E0D23B91E530042C1C4 /* BreedVerticalCell.swift */ = {isa = PBXFileReference; lastKnownFileType = sourcecode.swift; path = BreedVerticalCell.swift; sourceTree = "<group>"; };
		52724E1023B934630042C1C4 /* BreedsHeaderView.swift */ = {isa = PBXFileReference; lastKnownFileType = sourcecode.swift; path = BreedsHeaderView.swift; sourceTree = "<group>"; };
		52724E1323B93C750042C1C4 /* StretchyHeaderLayout.swift */ = {isa = PBXFileReference; lastKnownFileType = sourcecode.swift; path = StretchyHeaderLayout.swift; sourceTree = "<group>"; };
		52724E1623B940E30042C1C4 /* MainPresenter.swift */ = {isa = PBXFileReference; lastKnownFileType = sourcecode.swift; path = MainPresenter.swift; sourceTree = "<group>"; };
		52724E1823B940E30042C1C4 /* MainRouter.swift */ = {isa = PBXFileReference; lastKnownFileType = sourcecode.swift; path = MainRouter.swift; sourceTree = "<group>"; };
		52724E1923B940E30042C1C4 /* MainModels.swift */ = {isa = PBXFileReference; lastKnownFileType = sourcecode.swift; path = MainModels.swift; sourceTree = "<group>"; };
		52724E1A23B940E30042C1C4 /* MainViewController.swift */ = {isa = PBXFileReference; lastKnownFileType = sourcecode.swift; path = MainViewController.swift; sourceTree = "<group>"; };
		52724E1B23B940E30042C1C4 /* MainInteractor.swift */ = {isa = PBXFileReference; lastKnownFileType = sourcecode.swift; path = MainInteractor.swift; sourceTree = "<group>"; };
		52C1D6C223BA6A43004F98E7 /* ClassicCollectionPresenter.swift */ = {isa = PBXFileReference; lastKnownFileType = sourcecode.swift; path = ClassicCollectionPresenter.swift; sourceTree = "<group>"; };
		52C1D6C423BA6A43004F98E7 /* ClassicCollectionRouter.swift */ = {isa = PBXFileReference; lastKnownFileType = sourcecode.swift; path = ClassicCollectionRouter.swift; sourceTree = "<group>"; };
		52C1D6C523BA6A43004F98E7 /* ClassicCollectionModels.swift */ = {isa = PBXFileReference; lastKnownFileType = sourcecode.swift; path = ClassicCollectionModels.swift; sourceTree = "<group>"; };
		52C1D6C623BA6A43004F98E7 /* ClassicCollectionViewController.swift */ = {isa = PBXFileReference; lastKnownFileType = sourcecode.swift; path = ClassicCollectionViewController.swift; sourceTree = "<group>"; };
		52C1D6C723BA6A43004F98E7 /* ClassicCollectionInteractor.swift */ = {isa = PBXFileReference; lastKnownFileType = sourcecode.swift; path = ClassicCollectionInteractor.swift; sourceTree = "<group>"; };
		52C1D6CF23BA6ECE004F98E7 /* ClassicCollectionView.swift */ = {isa = PBXFileReference; lastKnownFileType = sourcecode.swift; path = ClassicCollectionView.swift; sourceTree = "<group>"; };
		52C1D6D123BA7077004F98E7 /* ClassicCollectionCell.swift */ = {isa = PBXFileReference; lastKnownFileType = sourcecode.swift; path = ClassicCollectionCell.swift; sourceTree = "<group>"; };
		52C1D6D423BA741F004F98E7 /* CarouselCollectionPresenter.swift */ = {isa = PBXFileReference; lastKnownFileType = sourcecode.swift; path = CarouselCollectionPresenter.swift; sourceTree = "<group>"; };
		52C1D6D623BA741F004F98E7 /* CarouselCollectionRouter.swift */ = {isa = PBXFileReference; lastKnownFileType = sourcecode.swift; path = CarouselCollectionRouter.swift; sourceTree = "<group>"; };
		52C1D6D723BA741F004F98E7 /* CarouselCollectionModels.swift */ = {isa = PBXFileReference; lastKnownFileType = sourcecode.swift; path = CarouselCollectionModels.swift; sourceTree = "<group>"; };
		52C1D6D823BA741F004F98E7 /* CarouselCollectionViewController.swift */ = {isa = PBXFileReference; lastKnownFileType = sourcecode.swift; path = CarouselCollectionViewController.swift; sourceTree = "<group>"; };
		52C1D6D923BA741F004F98E7 /* CarouselCollectionInteractor.swift */ = {isa = PBXFileReference; lastKnownFileType = sourcecode.swift; path = CarouselCollectionInteractor.swift; sourceTree = "<group>"; };
		52C1D6E123BA765A004F98E7 /* CarouselCollectionView.swift */ = {isa = PBXFileReference; lastKnownFileType = sourcecode.swift; path = CarouselCollectionView.swift; sourceTree = "<group>"; };
		52C1D6E423BA7BE9004F98E7 /* StretchyHeaderPresenter.swift */ = {isa = PBXFileReference; lastKnownFileType = sourcecode.swift; path = StretchyHeaderPresenter.swift; sourceTree = "<group>"; };
		52C1D6E623BA7BE9004F98E7 /* StretchyHeaderRouter.swift */ = {isa = PBXFileReference; lastKnownFileType = sourcecode.swift; path = StretchyHeaderRouter.swift; sourceTree = "<group>"; };
		52C1D6E723BA7BE9004F98E7 /* StretchyHeaderModels.swift */ = {isa = PBXFileReference; lastKnownFileType = sourcecode.swift; path = StretchyHeaderModels.swift; sourceTree = "<group>"; };
		52C1D6E823BA7BE9004F98E7 /* StretchyHeaderViewController.swift */ = {isa = PBXFileReference; lastKnownFileType = sourcecode.swift; path = StretchyHeaderViewController.swift; sourceTree = "<group>"; };
		52C1D6E923BA7BE9004F98E7 /* StretchyHeaderInteractor.swift */ = {isa = PBXFileReference; lastKnownFileType = sourcecode.swift; path = StretchyHeaderInteractor.swift; sourceTree = "<group>"; };
		52C1D6F123BA7E2A004F98E7 /* StretchyHeaderCollectionView.swift */ = {isa = PBXFileReference; lastKnownFileType = sourcecode.swift; path = StretchyHeaderCollectionView.swift; sourceTree = "<group>"; };
		52F3CE9023BB69D900C430EE /* CustomLayoutPresenter.swift */ = {isa = PBXFileReference; lastKnownFileType = sourcecode.swift; path = CustomLayoutPresenter.swift; sourceTree = "<group>"; };
		52F3CE9223BB69D900C430EE /* CustomLayoutRouter.swift */ = {isa = PBXFileReference; lastKnownFileType = sourcecode.swift; path = CustomLayoutRouter.swift; sourceTree = "<group>"; };
		52F3CE9323BB69D900C430EE /* CustomLayoutModels.swift */ = {isa = PBXFileReference; lastKnownFileType = sourcecode.swift; path = CustomLayoutModels.swift; sourceTree = "<group>"; };
		52F3CE9423BB69D900C430EE /* CustomLayoutViewController.swift */ = {isa = PBXFileReference; lastKnownFileType = sourcecode.swift; path = CustomLayoutViewController.swift; sourceTree = "<group>"; };
		52F3CE9523BB69D900C430EE /* CustomLayoutInteractor.swift */ = {isa = PBXFileReference; lastKnownFileType = sourcecode.swift; path = CustomLayoutInteractor.swift; sourceTree = "<group>"; };
		52F3CE9D23BB6CAE00C430EE /* CustomLayoutCollectionView.swift */ = {isa = PBXFileReference; lastKnownFileType = sourcecode.swift; path = CustomLayoutCollectionView.swift; sourceTree = "<group>"; };
		52F3CE9F23BB6CD600C430EE /* CustomLayoutCollectionViewCell.swift */ = {isa = PBXFileReference; lastKnownFileType = sourcecode.swift; path = CustomLayoutCollectionViewCell.swift; sourceTree = "<group>"; };
		52F3CEA123BB6FF400C430EE /* CustomViewLayout.swift */ = {isa = PBXFileReference; lastKnownFileType = sourcecode.swift; path = CustomViewLayout.swift; sourceTree = "<group>"; };
		52F3CEA523BB740600C430EE /* MosaicLayoutPresenter.swift */ = {isa = PBXFileReference; lastKnownFileType = sourcecode.swift; path = MosaicLayoutPresenter.swift; sourceTree = "<group>"; };
		52F3CEA723BB740600C430EE /* MosaicLayoutRouter.swift */ = {isa = PBXFileReference; lastKnownFileType = sourcecode.swift; path = MosaicLayoutRouter.swift; sourceTree = "<group>"; };
		52F3CEA823BB740600C430EE /* MosaicLayoutModels.swift */ = {isa = PBXFileReference; lastKnownFileType = sourcecode.swift; path = MosaicLayoutModels.swift; sourceTree = "<group>"; };
		52F3CEA923BB740600C430EE /* MosaicLayoutViewController.swift */ = {isa = PBXFileReference; lastKnownFileType = sourcecode.swift; path = MosaicLayoutViewController.swift; sourceTree = "<group>"; };
		52F3CEAA23BB740600C430EE /* MosaicLayoutInteractor.swift */ = {isa = PBXFileReference; lastKnownFileType = sourcecode.swift; path = MosaicLayoutInteractor.swift; sourceTree = "<group>"; };
		52F3CEB223BB75D300C430EE /* MosaicLayoutCollectionView.swift */ = {isa = PBXFileReference; lastKnownFileType = sourcecode.swift; path = MosaicLayoutCollectionView.swift; sourceTree = "<group>"; };
		52F3CEB423BB75EE00C430EE /* MosaicLayoutCollectionViewCell.swift */ = {isa = PBXFileReference; lastKnownFileType = sourcecode.swift; path = MosaicLayoutCollectionViewCell.swift; sourceTree = "<group>"; };
		52F3CEB623BB761A00C430EE /* MosaicViewLayout.swift */ = {isa = PBXFileReference; lastKnownFileType = sourcecode.swift; path = MosaicViewLayout.swift; sourceTree = "<group>"; };
/* End PBXFileReference section */

/* Begin PBXFrameworksBuildPhase section */
		520925A023B12A2700EF989E /* Frameworks */ = {
			isa = PBXFrameworksBuildPhase;
			buildActionMask = 2147483647;
			files = (
				524E443323B1578E00F743E6 /* SDWebImage in Frameworks */,
				524E443523B1578E00F743E6 /* SDWebImageMapKit in Frameworks */,
				520925D023B1316000EF989E /* Alamofire in Frameworks */,
				524E443823B158DE00F743E6 /* RappleProgressHUD in Frameworks */,
				524E443B23B15A9300F743E6 /* SnapKit in Frameworks */,
			);
			runOnlyForDeploymentPostprocessing = 0;
		};
/* End PBXFrameworksBuildPhase section */

/* Begin PBXGroup section */
		52024D9623B3D77500F1AA8C /* Common */ = {
			isa = PBXGroup;
			children = (
				52024D9723B3D78700F1AA8C /* BreedsCollectionView.swift */,
				52724E0F23B91E580042C1C4 /* Cells */,
			);
			path = Common;
			sourceTree = "<group>";
		};
		5209259A23B12A2700EF989E = {
			isa = PBXGroup;
			children = (
				520925A523B12A2700EF989E /* Dogs breeds */,
				520925A423B12A2700EF989E /* Products */,
			);
			sourceTree = "<group>";
		};
		520925A423B12A2700EF989E /* Products */ = {
			isa = PBXGroup;
			children = (
				520925A323B12A2700EF989E /* Dogs breeds.app */,
			);
			name = Products;
			sourceTree = "<group>";
		};
		520925A523B12A2700EF989E /* Dogs breeds */ = {
			isa = PBXGroup;
			children = (
				520925D123B1319000EF989E /* Services */,
				520925CB23B1307B00EF989E /* Models */,
				52724E1523B940C60042C1C4 /* MainModule */,
				52C1D6C123BA69F5004F98E7 /* ClassicModule */,
				52C1D6D323BA7362004F98E7 /* CarouselModule */,
				52C1D6E323BA7BC9004F98E7 /* StretchyHeaderModule */,
				52F3CE8F23BB69AF00C430EE /* CustomLayoutModule */,
				52F3CEA323BB72BC00C430EE /* MosaicLayoutModule */,
				520925BA23B12A5D00EF989E /* BreedsListModule */,
				52724DF923B8EB7E0042C1C4 /* BreedInfoModule */,
				520925BB23B12BC600EF989E /* Environment */,
				52A1168D23B3DFB200B3AA5B /* Helpers */,
			);
			path = "Dogs breeds";
			sourceTree = "<group>";
		};
		520925BA23B12A5D00EF989E /* BreedsListModule */ = {
			isa = PBXGroup;
			children = (
				520925BC23B12BE300EF989E /* BreedsListPresenter.swift */,
				520925BE23B12BE300EF989E /* BreedsListRouter.swift */,
				520925BF23B12BE300EF989E /* BreedsListModels.swift */,
				520925C023B12BE300EF989E /* BreedsListViewController.swift */,
				520925C123B12BE300EF989E /* BreedsListInteractor.swift */,
				52024D9623B3D77500F1AA8C /* Common */,
			);
			path = BreedsListModule;
			sourceTree = "<group>";
		};
		520925BB23B12BC600EF989E /* Environment */ = {
			isa = PBXGroup;
			children = (
				520925A623B12A2700EF989E /* AppDelegate.swift */,
				520925A823B12A2700EF989E /* SceneDelegate.swift */,
				520925AF23B12A2800EF989E /* Assets.xcassets */,
				520925B123B12A2800EF989E /* LaunchScreen.storyboard */,
				520925B423B12A2800EF989E /* Info.plist */,
				520925CC23B130DF00EF989E /* Constants.swift */,
				524E442923B153D700F743E6 /* breeds.json */,
			);
			path = Environment;
			sourceTree = "<group>";
		};
		520925CB23B1307B00EF989E /* Models */ = {
			isa = PBXGroup;
			children = (
				524E442B23B155B600F743E6 /* BreedItem.swift */,
				524E442F23B155EC00F743E6 /* BreedItemModel.swift */,
				524E442D23B155D200F743E6 /* Size.swift */,
			);
			path = Models;
			sourceTree = "<group>";
		};
		520925D123B1319000EF989E /* Services */ = {
			isa = PBXGroup;
			children = (
			);
			path = Services;
			sourceTree = "<group>";
		};
		52724DF923B8EB7E0042C1C4 /* BreedInfoModule */ = {
			isa = PBXGroup;
			children = (
				52724DFA23B8EBA20042C1C4 /* BreedInfoPresenter.swift */,
				52724DFC23B8EBA20042C1C4 /* BreedInfoRouter.swift */,
				52724DFD23B8EBA20042C1C4 /* BreedInfoModels.swift */,
				52724DFE23B8EBA20042C1C4 /* BreedInfoViewController.swift */,
				52724DFF23B8EBA20042C1C4 /* BreedInfoInteractor.swift */,
				52724E0823B8FE710042C1C4 /* Common */,
			);
			path = BreedInfoModule;
			sourceTree = "<group>";
		};
		52724E0823B8FE710042C1C4 /* Common */ = {
			isa = PBXGroup;
			children = (
				52724E0923B8FE880042C1C4 /* BreedInfoRow.swift */,
			);
			path = Common;
			sourceTree = "<group>";
		};
		52724E0F23B91E580042C1C4 /* Cells */ = {
			isa = PBXGroup;
			children = (
				52024D9923B3D96700F1AA8C /* BreedCell.swift */,
				52724E0D23B91E530042C1C4 /* BreedVerticalCell.swift */,
			);
			path = Cells;
			sourceTree = "<group>";
		};
		52724E1523B940C60042C1C4 /* MainModule */ = {
			isa = PBXGroup;
			children = (
				52724E1623B940E30042C1C4 /* MainPresenter.swift */,
				52724E1823B940E30042C1C4 /* MainRouter.swift */,
				52724E1923B940E30042C1C4 /* MainModels.swift */,
				52724E1A23B940E30042C1C4 /* MainViewController.swift */,
				52724E1B23B940E30042C1C4 /* MainInteractor.swift */,
			);
			path = MainModule;
			sourceTree = "<group>";
		};
		52A1168D23B3DFB200B3AA5B /* Helpers */ = {
			isa = PBXGroup;
			children = (
				52724E0623B8FC050042C1C4 /* String + Extension.swift */,
			);
			path = Helpers;
			sourceTree = "<group>";
		};
		52C1D6C123BA69F5004F98E7 /* ClassicModule */ = {
			isa = PBXGroup;
			children = (
				52C1D6C223BA6A43004F98E7 /* ClassicCollectionPresenter.swift */,
				52C1D6C423BA6A43004F98E7 /* ClassicCollectionRouter.swift */,
				52C1D6C523BA6A43004F98E7 /* ClassicCollectionModels.swift */,
				52C1D6C623BA6A43004F98E7 /* ClassicCollectionViewController.swift */,
				52C1D6C723BA6A43004F98E7 /* ClassicCollectionInteractor.swift */,
				52C1D6CE23BA6EB6004F98E7 /* Common */,
			);
			path = ClassicModule;
			sourceTree = "<group>";
		};
		52C1D6CE23BA6EB6004F98E7 /* Common */ = {
			isa = PBXGroup;
			children = (
				52C1D6CF23BA6ECE004F98E7 /* ClassicCollectionView.swift */,
				52C1D6D123BA7077004F98E7 /* ClassicCollectionCell.swift */,
			);
			path = Common;
			sourceTree = "<group>";
		};
		52C1D6D323BA7362004F98E7 /* CarouselModule */ = {
			isa = PBXGroup;
			children = (
				52C1D6D423BA741F004F98E7 /* CarouselCollectionPresenter.swift */,
				52C1D6D623BA741F004F98E7 /* CarouselCollectionRouter.swift */,
				52C1D6D723BA741F004F98E7 /* CarouselCollectionModels.swift */,
				52C1D6D823BA741F004F98E7 /* CarouselCollectionViewController.swift */,
				52C1D6D923BA741F004F98E7 /* CarouselCollectionInteractor.swift */,
				52C1D6E023BA7648004F98E7 /* Common */,
			);
			path = CarouselModule;
			sourceTree = "<group>";
		};
		52C1D6E023BA7648004F98E7 /* Common */ = {
			isa = PBXGroup;
			children = (
				52C1D6E123BA765A004F98E7 /* CarouselCollectionView.swift */,
				52724E0B23B910AE0042C1C4 /* CarouselFlowLayout.swift */,
				52032EB223BB186200149D5A /* CarouselCollectionCell.swift */,
			);
			path = Common;
			sourceTree = "<group>";
		};
		52C1D6E323BA7BC9004F98E7 /* StretchyHeaderModule */ = {
			isa = PBXGroup;
			children = (
				52C1D6E423BA7BE9004F98E7 /* StretchyHeaderPresenter.swift */,
				52C1D6E623BA7BE9004F98E7 /* StretchyHeaderRouter.swift */,
				52C1D6E723BA7BE9004F98E7 /* StretchyHeaderModels.swift */,
				52C1D6E823BA7BE9004F98E7 /* StretchyHeaderViewController.swift */,
				52C1D6E923BA7BE9004F98E7 /* StretchyHeaderInteractor.swift */,
				52C1D6F023BA7E21004F98E7 /* Common */,
			);
			path = StretchyHeaderModule;
			sourceTree = "<group>";
		};
		52C1D6F023BA7E21004F98E7 /* Common */ = {
			isa = PBXGroup;
			children = (
				52C1D6F123BA7E2A004F98E7 /* StretchyHeaderCollectionView.swift */,
				52724E1323B93C750042C1C4 /* StretchyHeaderLayout.swift */,
				52724E1023B934630042C1C4 /* BreedsHeaderView.swift */,
				52032EB423BB18ED00149D5A /* StretchyHeaderCollectionCell.swift */,
			);
			path = Common;
			sourceTree = "<group>";
		};
		52F3CE8F23BB69AF00C430EE /* CustomLayoutModule */ = {
			isa = PBXGroup;
			children = (
				52F3CE9023BB69D900C430EE /* CustomLayoutPresenter.swift */,
				52F3CE9223BB69D900C430EE /* CustomLayoutRouter.swift */,
				52F3CE9323BB69D900C430EE /* CustomLayoutModels.swift */,
				52F3CE9423BB69D900C430EE /* CustomLayoutViewController.swift */,
				52F3CE9523BB69D900C430EE /* CustomLayoutInteractor.swift */,
				52F3CE9C23BB6C7E00C430EE /* Common */,
			);
			path = CustomLayoutModule;
			sourceTree = "<group>";
		};
		52F3CE9C23BB6C7E00C430EE /* Common */ = {
			isa = PBXGroup;
			children = (
				52F3CE9D23BB6CAE00C430EE /* CustomLayoutCollectionView.swift */,
				52F3CE9F23BB6CD600C430EE /* CustomLayoutCollectionViewCell.swift */,
				52F3CEA123BB6FF400C430EE /* CustomViewLayout.swift */,
			);
			path = Common;
			sourceTree = "<group>";
		};
		52F3CEA323BB72BC00C430EE /* MosaicLayoutModule */ = {
			isa = PBXGroup;
			children = (
				52F3CEA523BB740600C430EE /* MosaicLayoutPresenter.swift */,
				52F3CEA723BB740600C430EE /* MosaicLayoutRouter.swift */,
				52F3CEA823BB740600C430EE /* MosaicLayoutModels.swift */,
				52F3CEA923BB740600C430EE /* MosaicLayoutViewController.swift */,
				52F3CEAA23BB740600C430EE /* MosaicLayoutInteractor.swift */,
				52F3CEB123BB75B000C430EE /* Common */,
			);
			path = MosaicLayoutModule;
			sourceTree = "<group>";
		};
		52F3CEB123BB75B000C430EE /* Common */ = {
			isa = PBXGroup;
			children = (
				52F3CEB223BB75D300C430EE /* MosaicLayoutCollectionView.swift */,
				52F3CEB423BB75EE00C430EE /* MosaicLayoutCollectionViewCell.swift */,
				52F3CEB623BB761A00C430EE /* MosaicViewLayout.swift */,
			);
			path = Common;
			sourceTree = "<group>";
		};
/* End PBXGroup section */

/* Begin PBXNativeTarget section */
		520925A223B12A2700EF989E /* Dogs breeds */ = {
			isa = PBXNativeTarget;
			buildConfigurationList = 520925B723B12A2800EF989E /* Build configuration list for PBXNativeTarget "Dogs breeds" */;
			buildPhases = (
				5209259F23B12A2700EF989E /* Sources */,
				520925A023B12A2700EF989E /* Frameworks */,
				520925A123B12A2700EF989E /* Resources */,
			);
			buildRules = (
			);
			dependencies = (
			);
			name = "Dogs breeds";
			packageProductDependencies = (
				520925CF23B1316000EF989E /* Alamofire */,
				524E443223B1578E00F743E6 /* SDWebImage */,
				524E443423B1578E00F743E6 /* SDWebImageMapKit */,
				524E443723B158DE00F743E6 /* RappleProgressHUD */,
				524E443A23B15A9300F743E6 /* SnapKit */,
			);
			productName = "Dogs breeds";
			productReference = 520925A323B12A2700EF989E /* Dogs breeds.app */;
			productType = "com.apple.product-type.application";
		};
/* End PBXNativeTarget section */

/* Begin PBXProject section */
		5209259B23B12A2700EF989E /* Project object */ = {
			isa = PBXProject;
			attributes = {
				LastSwiftUpdateCheck = 1120;
				LastUpgradeCheck = 1120;
				ORGANIZATIONNAME = "Stanly Shiyanovskiy";
				TargetAttributes = {
					520925A223B12A2700EF989E = {
						CreatedOnToolsVersion = 11.2.1;
					};
				};
			};
			buildConfigurationList = 5209259E23B12A2700EF989E /* Build configuration list for PBXProject "Dogs breeds" */;
			compatibilityVersion = "Xcode 9.3";
			developmentRegion = en;
			hasScannedForEncodings = 0;
			knownRegions = (
				en,
				Base,
			);
			mainGroup = 5209259A23B12A2700EF989E;
			packageReferences = (
				520925CE23B1316000EF989E /* XCRemoteSwiftPackageReference "Alamofire" */,
				524E443123B1578E00F743E6 /* XCRemoteSwiftPackageReference "SDWebImage" */,
				524E443623B158DE00F743E6 /* XCRemoteSwiftPackageReference "RappleProgressHUD" */,
				524E443923B15A9300F743E6 /* XCRemoteSwiftPackageReference "SnapKit" */,
			);
			productRefGroup = 520925A423B12A2700EF989E /* Products */;
			projectDirPath = "";
			projectRoot = "";
			targets = (
				520925A223B12A2700EF989E /* Dogs breeds */,
			);
		};
/* End PBXProject section */

/* Begin PBXResourcesBuildPhase section */
		520925A123B12A2700EF989E /* Resources */ = {
			isa = PBXResourcesBuildPhase;
			buildActionMask = 2147483647;
			files = (
				520925B323B12A2800EF989E /* LaunchScreen.storyboard in Resources */,
				524E442A23B153D700F743E6 /* breeds.json in Resources */,
				520925B023B12A2800EF989E /* Assets.xcassets in Resources */,
			);
			runOnlyForDeploymentPostprocessing = 0;
		};
/* End PBXResourcesBuildPhase section */

/* Begin PBXSourcesBuildPhase section */
		5209259F23B12A2700EF989E /* Sources */ = {
			isa = PBXSourcesBuildPhase;
			buildActionMask = 2147483647;
			files = (
				52024D9A23B3D96700F1AA8C /* BreedCell.swift in Sources */,
				52724E0423B8EBA20042C1C4 /* BreedInfoViewController.swift in Sources */,
				52724E0023B8EBA20042C1C4 /* BreedInfoPresenter.swift in Sources */,
				52C1D6EF23BA7BE9004F98E7 /* StretchyHeaderInteractor.swift in Sources */,
				520925C723B12BE300EF989E /* BreedsListInteractor.swift in Sources */,
				52C1D6EE23BA7BE9004F98E7 /* StretchyHeaderViewController.swift in Sources */,
				52032EB523BB18ED00149D5A /* StretchyHeaderCollectionCell.swift in Sources */,
				520925A723B12A2700EF989E /* AppDelegate.swift in Sources */,
				52C1D6CB23BA6A43004F98E7 /* ClassicCollectionModels.swift in Sources */,
				52C1D6DE23BA741F004F98E7 /* CarouselCollectionViewController.swift in Sources */,
				52724E1123B934630042C1C4 /* BreedsHeaderView.swift in Sources */,
				52C1D6C823BA6A43004F98E7 /* ClassicCollectionPresenter.swift in Sources */,
				52C1D6DC23BA741F004F98E7 /* CarouselCollectionRouter.swift in Sources */,
				52C1D6CA23BA6A43004F98E7 /* ClassicCollectionRouter.swift in Sources */,
				520925A923B12A2700EF989E /* SceneDelegate.swift in Sources */,
				524E443023B155EC00F743E6 /* BreedItemModel.swift in Sources */,
				52C1D6D023BA6ECE004F98E7 /* ClassicCollectionView.swift in Sources */,
				52724E1E23B940E30042C1C4 /* MainRouter.swift in Sources */,
				52724E0A23B8FE880042C1C4 /* BreedInfoRow.swift in Sources */,
				52F3CE9623BB69D900C430EE /* CustomLayoutPresenter.swift in Sources */,
				52F3CEB723BB761A00C430EE /* MosaicViewLayout.swift in Sources */,
				52C1D6DA23BA741F004F98E7 /* CarouselCollectionPresenter.swift in Sources */,
				52C1D6CC23BA6A43004F98E7 /* ClassicCollectionViewController.swift in Sources */,
				52724E0E23B91E530042C1C4 /* BreedVerticalCell.swift in Sources */,
				52724E0C23B910AE0042C1C4 /* CarouselFlowLayout.swift in Sources */,
				52724E1F23B940E30042C1C4 /* MainModels.swift in Sources */,
				52F3CE9A23BB69D900C430EE /* CustomLayoutViewController.swift in Sources */,
				52F3CEAB23BB740600C430EE /* MosaicLayoutPresenter.swift in Sources */,
				52724E2023B940E30042C1C4 /* MainViewController.swift in Sources */,
				52F3CE9B23BB69D900C430EE /* CustomLayoutInteractor.swift in Sources */,
				52F3CEB523BB75EE00C430EE /* MosaicLayoutCollectionViewCell.swift in Sources */,
				52032EB323BB186200149D5A /* CarouselCollectionCell.swift in Sources */,
				524E442C23B155B600F743E6 /* BreedItem.swift in Sources */,
				52C1D6D223BA7077004F98E7 /* ClassicCollectionCell.swift in Sources */,
				52C1D6DF23BA741F004F98E7 /* CarouselCollectionInteractor.swift in Sources */,
				52C1D6ED23BA7BE9004F98E7 /* StretchyHeaderModels.swift in Sources */,
				520925C223B12BE300EF989E /* BreedsListPresenter.swift in Sources */,
				520925C623B12BE300EF989E /* BreedsListViewController.swift in Sources */,
				52724E1423B93C750042C1C4 /* StretchyHeaderLayout.swift in Sources */,
				52C1D6F223BA7E2A004F98E7 /* StretchyHeaderCollectionView.swift in Sources */,
				52724E1C23B940E30042C1C4 /* MainPresenter.swift in Sources */,
				52724E0723B8FC050042C1C4 /* String + Extension.swift in Sources */,
				52C1D6E223BA765A004F98E7 /* CarouselCollectionView.swift in Sources */,
				52C1D6EC23BA7BE9004F98E7 /* StretchyHeaderRouter.swift in Sources */,
				52F3CEAD23BB740600C430EE /* MosaicLayoutRouter.swift in Sources */,
				52724E0523B8EBA20042C1C4 /* BreedInfoInteractor.swift in Sources */,
				52F3CEB023BB740600C430EE /* MosaicLayoutInteractor.swift in Sources */,
				520925C523B12BE300EF989E /* BreedsListModels.swift in Sources */,
				52C1D6DD23BA741F004F98E7 /* CarouselCollectionModels.swift in Sources */,
				52724E2123B940E30042C1C4 /* MainInteractor.swift in Sources */,
				520925C423B12BE300EF989E /* BreedsListRouter.swift in Sources */,
				52F3CE9923BB69D900C430EE /* CustomLayoutModels.swift in Sources */,
				52024D9823B3D78700F1AA8C /* BreedsCollectionView.swift in Sources */,
				520925CD23B130DF00EF989E /* Constants.swift in Sources */,
				52F3CE9823BB69D900C430EE /* CustomLayoutRouter.swift in Sources */,
				524E442E23B155D200F743E6 /* Size.swift in Sources */,
				52F3CEAF23BB740600C430EE /* MosaicLayoutViewController.swift in Sources */,
				52724E0223B8EBA20042C1C4 /* BreedInfoRouter.swift in Sources */,
				52F3CEB323BB75D300C430EE /* MosaicLayoutCollectionView.swift in Sources */,
				52724E0323B8EBA20042C1C4 /* BreedInfoModels.swift in Sources */,
				52F3CEAE23BB740600C430EE /* MosaicLayoutModels.swift in Sources */,
				52F3CEA023BB6CD600C430EE /* CustomLayoutCollectionViewCell.swift in Sources */,
				52C1D6CD23BA6A43004F98E7 /* ClassicCollectionInteractor.swift in Sources */,
				52F3CE9E23BB6CAE00C430EE /* CustomLayoutCollectionView.swift in Sources */,
				52C1D6EA23BA7BE9004F98E7 /* StretchyHeaderPresenter.swift in Sources */,
				52F3CEA223BB6FF400C430EE /* CustomViewLayout.swift in Sources */,
			);
			runOnlyForDeploymentPostprocessing = 0;
		};
/* End PBXSourcesBuildPhase section */

/* Begin PBXVariantGroup section */
		520925B123B12A2800EF989E /* LaunchScreen.storyboard */ = {
			isa = PBXVariantGroup;
			children = (
				520925B223B12A2800EF989E /* Base */,
			);
			name = LaunchScreen.storyboard;
			sourceTree = "<group>";
		};
/* End PBXVariantGroup section */

/* Begin XCBuildConfiguration section */
		520925B523B12A2800EF989E /* Debug */ = {
			isa = XCBuildConfiguration;
			buildSettings = {
				ALWAYS_SEARCH_USER_PATHS = NO;
				CLANG_ANALYZER_NONNULL = YES;
				CLANG_ANALYZER_NUMBER_OBJECT_CONVERSION = YES_AGGRESSIVE;
				CLANG_CXX_LANGUAGE_STANDARD = "gnu++14";
				CLANG_CXX_LIBRARY = "libc++";
				CLANG_ENABLE_MODULES = YES;
				CLANG_ENABLE_OBJC_ARC = YES;
				CLANG_ENABLE_OBJC_WEAK = YES;
				CLANG_WARN_BLOCK_CAPTURE_AUTORELEASING = YES;
				CLANG_WARN_BOOL_CONVERSION = YES;
				CLANG_WARN_COMMA = YES;
				CLANG_WARN_CONSTANT_CONVERSION = YES;
				CLANG_WARN_DEPRECATED_OBJC_IMPLEMENTATIONS = YES;
				CLANG_WARN_DIRECT_OBJC_ISA_USAGE = YES_ERROR;
				CLANG_WARN_DOCUMENTATION_COMMENTS = YES;
				CLANG_WARN_EMPTY_BODY = YES;
				CLANG_WARN_ENUM_CONVERSION = YES;
				CLANG_WARN_INFINITE_RECURSION = YES;
				CLANG_WARN_INT_CONVERSION = YES;
				CLANG_WARN_NON_LITERAL_NULL_CONVERSION = YES;
				CLANG_WARN_OBJC_IMPLICIT_RETAIN_SELF = YES;
				CLANG_WARN_OBJC_LITERAL_CONVERSION = YES;
				CLANG_WARN_OBJC_ROOT_CLASS = YES_ERROR;
				CLANG_WARN_RANGE_LOOP_ANALYSIS = YES;
				CLANG_WARN_STRICT_PROTOTYPES = YES;
				CLANG_WARN_SUSPICIOUS_MOVE = YES;
				CLANG_WARN_UNGUARDED_AVAILABILITY = YES_AGGRESSIVE;
				CLANG_WARN_UNREACHABLE_CODE = YES;
				CLANG_WARN__DUPLICATE_METHOD_MATCH = YES;
				COPY_PHASE_STRIP = NO;
				DEBUG_INFORMATION_FORMAT = dwarf;
				ENABLE_STRICT_OBJC_MSGSEND = YES;
				ENABLE_TESTABILITY = YES;
				GCC_C_LANGUAGE_STANDARD = gnu11;
				GCC_DYNAMIC_NO_PIC = NO;
				GCC_NO_COMMON_BLOCKS = YES;
				GCC_OPTIMIZATION_LEVEL = 0;
				GCC_PREPROCESSOR_DEFINITIONS = (
					"DEBUG=1",
					"$(inherited)",
				);
				GCC_WARN_64_TO_32_BIT_CONVERSION = YES;
				GCC_WARN_ABOUT_RETURN_TYPE = YES_ERROR;
				GCC_WARN_UNDECLARED_SELECTOR = YES;
				GCC_WARN_UNINITIALIZED_AUTOS = YES_AGGRESSIVE;
				GCC_WARN_UNUSED_FUNCTION = YES;
				GCC_WARN_UNUSED_VARIABLE = YES;
				IPHONEOS_DEPLOYMENT_TARGET = 13.2;
				MTL_ENABLE_DEBUG_INFO = INCLUDE_SOURCE;
				MTL_FAST_MATH = YES;
				ONLY_ACTIVE_ARCH = YES;
				SDKROOT = iphoneos;
				SWIFT_ACTIVE_COMPILATION_CONDITIONS = DEBUG;
				SWIFT_OPTIMIZATION_LEVEL = "-Onone";
			};
			name = Debug;
		};
		520925B623B12A2800EF989E /* Release */ = {
			isa = XCBuildConfiguration;
			buildSettings = {
				ALWAYS_SEARCH_USER_PATHS = NO;
				CLANG_ANALYZER_NONNULL = YES;
				CLANG_ANALYZER_NUMBER_OBJECT_CONVERSION = YES_AGGRESSIVE;
				CLANG_CXX_LANGUAGE_STANDARD = "gnu++14";
				CLANG_CXX_LIBRARY = "libc++";
				CLANG_ENABLE_MODULES = YES;
				CLANG_ENABLE_OBJC_ARC = YES;
				CLANG_ENABLE_OBJC_WEAK = YES;
				CLANG_WARN_BLOCK_CAPTURE_AUTORELEASING = YES;
				CLANG_WARN_BOOL_CONVERSION = YES;
				CLANG_WARN_COMMA = YES;
				CLANG_WARN_CONSTANT_CONVERSION = YES;
				CLANG_WARN_DEPRECATED_OBJC_IMPLEMENTATIONS = YES;
				CLANG_WARN_DIRECT_OBJC_ISA_USAGE = YES_ERROR;
				CLANG_WARN_DOCUMENTATION_COMMENTS = YES;
				CLANG_WARN_EMPTY_BODY = YES;
				CLANG_WARN_ENUM_CONVERSION = YES;
				CLANG_WARN_INFINITE_RECURSION = YES;
				CLANG_WARN_INT_CONVERSION = YES;
				CLANG_WARN_NON_LITERAL_NULL_CONVERSION = YES;
				CLANG_WARN_OBJC_IMPLICIT_RETAIN_SELF = YES;
				CLANG_WARN_OBJC_LITERAL_CONVERSION = YES;
				CLANG_WARN_OBJC_ROOT_CLASS = YES_ERROR;
				CLANG_WARN_RANGE_LOOP_ANALYSIS = YES;
				CLANG_WARN_STRICT_PROTOTYPES = YES;
				CLANG_WARN_SUSPICIOUS_MOVE = YES;
				CLANG_WARN_UNGUARDED_AVAILABILITY = YES_AGGRESSIVE;
				CLANG_WARN_UNREACHABLE_CODE = YES;
				CLANG_WARN__DUPLICATE_METHOD_MATCH = YES;
				COPY_PHASE_STRIP = NO;
				DEBUG_INFORMATION_FORMAT = "dwarf-with-dsym";
				ENABLE_NS_ASSERTIONS = NO;
				ENABLE_STRICT_OBJC_MSGSEND = YES;
				GCC_C_LANGUAGE_STANDARD = gnu11;
				GCC_NO_COMMON_BLOCKS = YES;
				GCC_WARN_64_TO_32_BIT_CONVERSION = YES;
				GCC_WARN_ABOUT_RETURN_TYPE = YES_ERROR;
				GCC_WARN_UNDECLARED_SELECTOR = YES;
				GCC_WARN_UNINITIALIZED_AUTOS = YES_AGGRESSIVE;
				GCC_WARN_UNUSED_FUNCTION = YES;
				GCC_WARN_UNUSED_VARIABLE = YES;
				IPHONEOS_DEPLOYMENT_TARGET = 13.2;
				MTL_ENABLE_DEBUG_INFO = NO;
				MTL_FAST_MATH = YES;
				SDKROOT = iphoneos;
				SWIFT_COMPILATION_MODE = wholemodule;
				SWIFT_OPTIMIZATION_LEVEL = "-O";
				VALIDATE_PRODUCT = YES;
			};
			name = Release;
		};
		520925B823B12A2800EF989E /* Debug */ = {
			isa = XCBuildConfiguration;
			buildSettings = {
				ASSETCATALOG_COMPILER_APPICON_NAME = AppIcon;
				CODE_SIGN_STYLE = Automatic;
				DEVELOPMENT_TEAM = 3PTYV272Z4;
				INFOPLIST_FILE = "Dogs breeds/Info.plist";
				IPHONEOS_DEPLOYMENT_TARGET = 13.0;
				LD_RUNPATH_SEARCH_PATHS = (
					"$(inherited)",
					"@executable_path/Frameworks",
				);
				PRODUCT_BUNDLE_IDENTIFIER = "ua.com.kr.ssh.Dogs-breeds";
				PRODUCT_NAME = "$(TARGET_NAME)";
				SWIFT_VERSION = 5.0;
				TARGETED_DEVICE_FAMILY = 1;
			};
			name = Debug;
		};
		520925B923B12A2800EF989E /* Release */ = {
			isa = XCBuildConfiguration;
			buildSettings = {
				ASSETCATALOG_COMPILER_APPICON_NAME = AppIcon;
				CODE_SIGN_STYLE = Automatic;
				DEVELOPMENT_TEAM = 3PTYV272Z4;
				INFOPLIST_FILE = "Dogs breeds/Info.plist";
				IPHONEOS_DEPLOYMENT_TARGET = 13.0;
				LD_RUNPATH_SEARCH_PATHS = (
					"$(inherited)",
					"@executable_path/Frameworks",
				);
				PRODUCT_BUNDLE_IDENTIFIER = "ua.com.kr.ssh.Dogs-breeds";
				PRODUCT_NAME = "$(TARGET_NAME)";
				SWIFT_VERSION = 5.0;
				TARGETED_DEVICE_FAMILY = 1;
			};
			name = Release;
		};
/* End XCBuildConfiguration section */

/* Begin XCConfigurationList section */
		5209259E23B12A2700EF989E /* Build configuration list for PBXProject "Dogs breeds" */ = {
			isa = XCConfigurationList;
			buildConfigurations = (
				520925B523B12A2800EF989E /* Debug */,
				520925B623B12A2800EF989E /* Release */,
			);
			defaultConfigurationIsVisible = 0;
			defaultConfigurationName = Release;
		};
		520925B723B12A2800EF989E /* Build configuration list for PBXNativeTarget "Dogs breeds" */ = {
			isa = XCConfigurationList;
			buildConfigurations = (
				520925B823B12A2800EF989E /* Debug */,
				520925B923B12A2800EF989E /* Release */,
			);
			defaultConfigurationIsVisible = 0;
			defaultConfigurationName = Release;
		};
/* End XCConfigurationList section */

/* Begin XCRemoteSwiftPackageReference section */
		520925CE23B1316000EF989E /* XCRemoteSwiftPackageReference "Alamofire" */ = {
			isa = XCRemoteSwiftPackageReference;
			repositoryURL = "https://github.com/Alamofire/Alamofire.git";
			requirement = {
				branch = "5.0.0-rc.3";
				kind = branch;
			};
		};
		524E443123B1578E00F743E6 /* XCRemoteSwiftPackageReference "SDWebImage" */ = {
			isa = XCRemoteSwiftPackageReference;
			repositoryURL = "https://github.com/SDWebImage/SDWebImage.git";
			requirement = {
				kind = upToNextMajorVersion;
				minimumVersion = 5.4.0;
			};
		};
		524E443623B158DE00F743E6 /* XCRemoteSwiftPackageReference "RappleProgressHUD" */ = {
			isa = XCRemoteSwiftPackageReference;
			repositoryURL = "https://github.com/rjeprasad/RappleProgressHUD.git";
			requirement = {
				kind = upToNextMajorVersion;
				minimumVersion = 4.0.3;
			};
		};
		524E443923B15A9300F743E6 /* XCRemoteSwiftPackageReference "SnapKit" */ = {
			isa = XCRemoteSwiftPackageReference;
			repositoryURL = "https://github.com/SnapKit/SnapKit.git";
			requirement = {
				kind = upToNextMajorVersion;
				minimumVersion = 5.0.1;
			};
		};
/* End XCRemoteSwiftPackageReference section */

/* Begin XCSwiftPackageProductDependency section */
		520925CF23B1316000EF989E /* Alamofire */ = {
			isa = XCSwiftPackageProductDependency;
			package = 520925CE23B1316000EF989E /* XCRemoteSwiftPackageReference "Alamofire" */;
			productName = Alamofire;
		};
		524E443223B1578E00F743E6 /* SDWebImage */ = {
			isa = XCSwiftPackageProductDependency;
			package = 524E443123B1578E00F743E6 /* XCRemoteSwiftPackageReference "SDWebImage" */;
			productName = SDWebImage;
		};
		524E443423B1578E00F743E6 /* SDWebImageMapKit */ = {
			isa = XCSwiftPackageProductDependency;
			package = 524E443123B1578E00F743E6 /* XCRemoteSwiftPackageReference "SDWebImage" */;
			productName = SDWebImageMapKit;
		};
		524E443723B158DE00F743E6 /* RappleProgressHUD */ = {
			isa = XCSwiftPackageProductDependency;
			package = 524E443623B158DE00F743E6 /* XCRemoteSwiftPackageReference "RappleProgressHUD" */;
			productName = RappleProgressHUD;
		};
		524E443A23B15A9300F743E6 /* SnapKit */ = {
			isa = XCSwiftPackageProductDependency;
			package = 524E443923B15A9300F743E6 /* XCRemoteSwiftPackageReference "SnapKit" */;
			productName = SnapKit;
		};
/* End XCSwiftPackageProductDependency section */
	};
	rootObject = 5209259B23B12A2700EF989E /* Project object */;
}
